
Microsoft Visual Studio Solution File, Format Version 12.00
# Visual Studio Version 17
VisualStudioVersion = 17.3.32901.215
MinimumVisualStudioVersion = 10.0.40219.1
Project("{FAE04EC0-301F-11D3-BF4B-00C04F79EFBC}") = "ConsoleApp8.1", "ConsoleApp8.1.csproj", "{46AD43D4-C141-4AFD-A228-B2731EE47A1D}"
EndProject
Global
	GlobalSection(SolutionConfigurationPlatforms) = preSolution
		Debug|Any CPU = Debug|Any CPU
		Release|Any CPU = Release|Any CPU
	EndGlobalSection
	GlobalSection(ProjectConfigurationPlatforms) = postSolution
		{46AD43D4-C141-4AFD-A228-B2731EE47A1D}.Debug|Any CPU.ActiveCfg = Debug|Any CPU
		{46AD43D4-C141-4AFD-A228-B2731EE47A1D}.Debug|Any CPU.Build.0 = Debug|Any CPU
		{46AD43D4-C141-4AFD-A228-B2731EE47A1D}.Release|Any CPU.ActiveCfg = Release|Any CPU
		{46AD43D4-C141-4AFD-A228-B2731EE47A1D}.Release|Any CPU.Build.0 = Release|Any CPU
	EndGlobalSection
	GlobalSection(SolutionProperties) = preSolution
		HideSolutionNode = FALSE
	EndGlobalSection
	GlobalSection(ExtensibilityGlobals) = postSolution
		SolutionGuid = {C63FB313-4A9C-4E66-818D-868EAD20263F}
	EndGlobalSection
EndGlobal
